
Microsoft Visual Studio Solution File, Format Version 12.00
# Visual Studio Version 16
VisualStudioVersion = 16.0.32602.291
MinimumVisualStudioVersion = 10.0.40219.1
Project("{FAE04EC0-301F-11D3-BF4B-00C04F79EFBC}") = "Bonsai.Sleap", "src\Bonsai.Sleap\Bonsai.Sleap.csproj", "{DE54420F-E2A7-48E5-B96E-7D9CEA1B2CB0}"
EndProject
Project("{FAE04EC0-301F-11D3-BF4B-00C04F79EFBC}") = "Bonsai.Sleap.Design", "src\Bonsai.Sleap.Design\Bonsai.Sleap.Design.csproj", "{F7A288A7-0045-4302-82CA-44C5E78B6C6F}"
EndProject
Project("{2150E333-8FDC-42A3-9474-1A3956D46DE8}") = "build", "build", "{DEE5DD87-39C1-BF34-B639-A387DCCF972B}"
	ProjectSection(SolutionItems) = preProject
		build\Common.csproj.props = build\Common.csproj.props
		build\Common.csproj.targets = build\Common.csproj.targets
		build\Common.Tests.csproj.props = build\Common.Tests.csproj.props
		build\icon.png = build\icon.png
		build\Package.props = build\Package.props
		build\Project.csproj.props = build\Project.csproj.props
	EndProjectSection
EndProject
Global
	GlobalSection(SolutionConfigurationPlatforms) = preSolution
		Debug|Any CPU = Debug|Any CPU
		Release|Any CPU = Release|Any CPU
	EndGlobalSection
	GlobalSection(ProjectConfigurationPlatforms) = postSolution
		{DE54420F-E2A7-48E5-B96E-7D9CEA1B2CB0}.Debug|Any CPU.ActiveCfg = Debug|Any CPU
		{DE54420F-E2A7-48E5-B96E-7D9CEA1B2CB0}.Debug|Any CPU.Build.0 = Debug|Any CPU
		{DE54420F-E2A7-48E5-B96E-7D9CEA1B2CB0}.Release|Any CPU.ActiveCfg = Release|Any CPU
		{DE54420F-E2A7-48E5-B96E-7D9CEA1B2CB0}.Release|Any CPU.Build.0 = Release|Any CPU
		{F7A288A7-0045-4302-82CA-44C5E78B6C6F}.Debug|Any CPU.ActiveCfg = Debug|Any CPU
		{F7A288A7-0045-4302-82CA-44C5E78B6C6F}.Debug|Any CPU.Build.0 = Debug|Any CPU
		{F7A288A7-0045-4302-82CA-44C5E78B6C6F}.Release|Any CPU.ActiveCfg = Release|Any CPU
		{F7A288A7-0045-4302-82CA-44C5E78B6C6F}.Release|Any CPU.Build.0 = Release|Any CPU
	EndGlobalSection
	GlobalSection(SolutionProperties) = preSolution
		HideSolutionNode = FALSE
	EndGlobalSection
	GlobalSection(ExtensibilityGlobals) = postSolution
		SolutionGuid = {737FA666-B15B-4205-9B81-0A9DF5D36DF3}
	EndGlobalSection
EndGlobal
